
Microsoft Visual Studio Solution File, Format Version 12.00
# Visual Studio Version 17
VisualStudioVersion = 17.7.34024.191
MinimumVisualStudioVersion = 10.0.40219.1
Project("{FAE04EC0-301F-11D3-BF4B-00C04F79EFBC}") = "testo12345", "testo12345\testo12345.csproj", "{EF6D8292-D0B5-4CF6-A061-6DAC18E696C3}"
EndProject
Global
	GlobalSection(SolutionConfigurationPlatforms) = preSolution
		Debug|Any CPU = Debug|Any CPU
		Release|Any CPU = Release|Any CPU
	EndGlobalSection
	GlobalSection(ProjectConfigurationPlatforms) = postSolution
		{EF6D8292-D0B5-4CF6-A061-6DAC18E696C3}.Debug|Any CPU.ActiveCfg = Debug|Any CPU
		{EF6D8292-D0B5-4CF6-A061-6DAC18E696C3}.Debug|Any CPU.Build.0 = Debug|Any CPU
		{EF6D8292-D0B5-4CF6-A061-6DAC18E696C3}.Release|Any CPU.ActiveCfg = Release|Any CPU
		{EF6D8292-D0B5-4CF6-A061-6DAC18E696C3}.Release|Any CPU.Build.0 = Release|Any CPU
	EndGlobalSection
	GlobalSection(SolutionProperties) = preSolution
		HideSolutionNode = FALSE
	EndGlobalSection
	GlobalSection(ExtensibilityGlobals) = postSolution
		SolutionGuid = {D64E290E-4439-4B3F-919D-15504ED0D6D5}
	EndGlobalSection
EndGlobal
